
Microsoft Visual Studio Solution File, Format Version 12.00
# Visual Studio 15
VisualStudioVersion = 15.0.26228.9
MinimumVisualStudioVersion = 10.0.40219.1
Project("{FAE04EC0-301F-11D3-BF4B-00C04F79EFBC}") = "CSharp_Samples_for_Mifare_Cards", "CSharp_Samples_for_Mifare_Cards\CSharp_Samples_for_Mifare_Cards.csproj", "{5ABF2FC8-84DD-4825-8C73-20C12B1F18DD}"
EndProject
Global
	GlobalSection(SolutionConfigurationPlatforms) = preSolution
		Debug|x64 = Debug|x64
		Debug|x86 = Debug|x86
		Release|x64 = Release|x64
		Release|x86 = Release|x86
	EndGlobalSection
	GlobalSection(ProjectConfigurationPlatforms) = postSolution
		{5ABF2FC8-84DD-4825-8C73-20C12B1F18DD}.Debug|x64.ActiveCfg = Debug|x64
		{5ABF2FC8-84DD-4825-8C73-20C12B1F18DD}.Debug|x64.Build.0 = Debug|x64
		{5ABF2FC8-84DD-4825-8C73-20C12B1F18DD}.Debug|x86.ActiveCfg = Debug|x86
		{5ABF2FC8-84DD-4825-8C73-20C12B1F18DD}.Debug|x86.Build.0 = Debug|x86
		{5ABF2FC8-84DD-4825-8C73-20C12B1F18DD}.Release|x64.ActiveCfg = Release|x64
		{5ABF2FC8-84DD-4825-8C73-20C12B1F18DD}.Release|x64.Build.0 = Release|x64
		{5ABF2FC8-84DD-4825-8C73-20C12B1F18DD}.Release|x86.ActiveCfg = Release|x86
		{5ABF2FC8-84DD-4825-8C73-20C12B1F18DD}.Release|x86.Build.0 = Release|x86
	EndGlobalSection
	GlobalSection(SolutionProperties) = preSolution
		HideSolutionNode = FALSE
	EndGlobalSection
EndGlobal
